
Microsoft Visual Studio Solution File, Format Version 10.00
# Visual C# Express 2008
Project("{FAE04EC0-301F-11D3-BF4B-00C04F79EFBC}") = "V S Browser", "V S Browser\V S Browser.csproj", "{F89C8F20-BF19-4D83-9F99-4D6A5B2FA444}"
EndProject
Global
	GlobalSection(SolutionConfigurationPlatforms) = preSolution
		Debug|Any CPU = Debug|Any CPU
		Release|Any CPU = Release|Any CPU
	EndGlobalSection
	GlobalSection(ProjectConfigurationPlatforms) = postSolution
		{F89C8F20-BF19-4D83-9F99-4D6A5B2FA444}.Debug|Any CPU.ActiveCfg = Debug|Any CPU
		{F89C8F20-BF19-4D83-9F99-4D6A5B2FA444}.Debug|Any CPU.Build.0 = Debug|Any CPU
		{F89C8F20-BF19-4D83-9F99-4D6A5B2FA444}.Release|Any CPU.ActiveCfg = Release|Any CPU
		{F89C8F20-BF19-4D83-9F99-4D6A5B2FA444}.Release|Any CPU.Build.0 = Release|Any CPU
	EndGlobalSection
	GlobalSection(SolutionProperties) = preSolution
		HideSolutionNode = FALSE
	EndGlobalSection
EndGlobal
